version: 4.0.0
generated: '2026-03-23T00:00:00Z'
algorithm: sha256
offline_behaviour: warn
files:
  constitution.anchor: 46539f9d069801c3aca161696e9af264299f8b578a510fea3a28318a58adc136
  domains/agentic.anchor: b293393d4bd021b5d2809438b4eefd5fd6800994cc4304421c5315090f567879
  domains/alignment.anchor: 58840b34fdedb300c711160afbbf938f198059c7041ea8b2c6755e993fc702b3
  domains/ethics.anchor: 874e049438bdca84f1de054e096e9b0a71dca7063757c2382643fe82347c3c8c
  domains/legal.anchor: 5ab1ef50bee73f9c1c773bee7df5eedf203736a543306b137279dbf5f69906fd
  domains/operational.anchor: 540e7d8f4ba11e342419c70d72395c388354129be28e57feb2451238cb59c17e
  domains/privacy.anchor: 6a109bc072c392962807821eaa27fd90591f639fa03ab34bcc4eb2f984c4d1ab
  domains/security.anchor: e5305c6dd32d2f31c7a2deed9dc51fad2390cf4555387fe856e8d835def5bd4f
  domains/shared.anchor: 06a2c525655f9079485bb044c867f58196b83406b50f986eb8aeebe4c58a7bea
  domains/supply_chain.anchor: 4dbd4cb4592d065037004ee201819453b4b8e1a0d3cbe29575f7219767a5a64c
  frameworks/FINOS_Framework.anchor: e2a2c5907ee73c8bbc4fffccf5586d10179293269563ed2443133428212dec59
  frameworks/NIST_AI_RMF.anchor: 1a0971b93737280564dca779b8bfb6c27552c791c7f0d5bb22a9ff9d11c59ca5
  frameworks/OWASP_LLM.anchor: 63b3086c9ebbb78e45437cf73dc69e72b441683e72ccfeb1fa91ccb11a8921b9
  government/CFPB_Regulations.anchor: da45f393df0a6cc881261f4aed91b852274fcfef6247b243f33e8f452ee065fc
  government/EU_AI_Act.anchor: 403fe83d11d75562cf3462fb3098db01b7d28a0912f5811709ab2093e817cd8b
  government/FCA_Regulations.anchor: 902e6c0f240296d8eb4b82ebcf90e981320be8fa7ad0a3f165198da6817f3594
  government/RBI_Regulations.anchor: f0a85982634ed97c1398efe2a2942b383f0b4cc60bc4ecff4d1c4ff7a8adeed2
  government/SEBI_Regulations.anchor: 4b64be61109e55b460ed809a2162f136e10a45ab5f9dde37c7e6dabc3bae29f1
  government/SEC_Regulations.anchor: 1db209840aaef4c00058bc6c6ac8a1b9c70003528be5b97eeb096e4307cdccc5
  mitigation.anchor: 15554db48b46c43816fa39b7e40f61f49975022058e6f1e264f2e2344b33409f
  policy.anchor: 0d0d202d31e901a59b4df988efddb745fdccca5cc4f3f448f256d9ab2b4b7f40
