version: 4.0.0
generated: '2026-03-23T00:00:00Z'
algorithm: sha256
offline_behaviour: warn
files:
  constitution.anchor: 46539f9d069801c3aca161696e9af264299f8b578a510fea3a28318a58adc136
  domains/agentic.anchor: b293393d4bd021b5d2809438b4eefd5fd6800994cc4304421c5315090f567879
  domains/alignment.anchor: 58840b34fdedb300c711160afbbf938f198059c7041ea8b2c6755e993fc702b3
  domains/ethics.anchor: 874e049438bdca84f1de054e096e9b0a71dca7063757c2382643fe82347c3c8c
  domains/legal.anchor: 5ab1ef50bee73f9c1c773bee7df5eedf203736a543306b137279dbf5f69906fd
  domains/operational.anchor: 540e7d8f4ba11e342419c70d72395c388354129be28e57feb2451238cb59c17e
  domains/privacy.anchor: 6a109bc072c392962807821eaa27fd90591f639fa03ab34bcc4eb2f984c4d1ab
  domains/security.anchor: e5305c6dd32d2f31c7a2deed9dc51fad2390cf4555387fe856e8d835def5bd4f
  domains/shared.anchor: 06a2c525655f9079485bb044c867f58196b83406b50f986eb8aeebe4c58a7bea
  domains/supply_chain.anchor: 4dbd4cb4592d065037004ee201819453b4b8e1a0d3cbe29575f7219767a5a64c
  frameworks/FINOS_Framework.anchor: e2a2c5907ee73c8bbc4fffccf5586d10179293269563ed2443133428212dec59
  frameworks/NIST_AI_RMF.anchor: 1a0971b93737280564dca779b8bfb6c27552c791c7f0d5bb22a9ff9d11c59ca5
  frameworks/OWASP_LLM.anchor: 63b3086c9ebbb78e45437cf73dc69e72b441683e72ccfeb1fa91ccb11a8921b9
  government/CFPB_Regulations.anchor: a1543d3dbce05c92168948bbc32bc9995857e37391fcb49474bdfea9fb0251e7
  government/EU_AI_Act.anchor: 9c0cc15af747503be47bd511f15b909c3503df0e37864d41a54664ef866e7e68
  government/FCA_Regulations.anchor: b8144133981c8d9f994833a513c95774b43348ff3169c605f5a931f238eb2074
  government/RBI_Regulations.anchor: 930beb4db4e7744a0357e264fe47024653b262a084c8395f924ab847f433c422
  government/SEBI_Regulations.anchor: 1750a2fc2337b1f89138bf0030e72206861ebbc867a81ce744227192c314b49d
  government/SEC_Regulations.anchor: 979e9b817864ebe36f7b56c83f10f2a5db7937ae652e6f6d4b5475d56c5482cc
  mitigation.anchor: 15554db48b46c43816fa39b7e40f61f49975022058e6f1e264f2e2344b33409f
  policy.anchor: 0d0d202d31e901a59b4df988efddb745fdccca5cc4f3f448f256d9ab2b4b7f40
